
Microsoft Visual Studio Solution File, Format Version 12.00
# Visual Studio Version 17
VisualStudioVersion = 17.5.002.0
MinimumVisualStudioVersion = 10.0.40219.1
Project("{9A19103F-16F7-4668-BE54-9A1E7A4F7556}") = "FinalProject", "FinalProject\FinalProject.csproj", "{90D50C42-273B-45FD-AA91-973323D8BF7D}"
EndProject
Global
	GlobalSection(SolutionConfigurationPlatforms) = preSolution
		Debug|Any CPU = Debug|Any CPU
		Release|Any CPU = Release|Any CPU
	EndGlobalSection
	GlobalSection(ProjectConfigurationPlatforms) = postSolution
		{90D50C42-273B-45FD-AA91-973323D8BF7D}.Debug|Any CPU.ActiveCfg = Debug|Any CPU
		{90D50C42-273B-45FD-AA91-973323D8BF7D}.Debug|Any CPU.Build.0 = Debug|Any CPU
		{90D50C42-273B-45FD-AA91-973323D8BF7D}.Release|Any CPU.ActiveCfg = Release|Any CPU
		{90D50C42-273B-45FD-AA91-973323D8BF7D}.Release|Any CPU.Build.0 = Release|Any CPU
	EndGlobalSection
	GlobalSection(SolutionProperties) = preSolution
		HideSolutionNode = FALSE
	EndGlobalSection
	GlobalSection(ExtensibilityGlobals) = postSolution
		SolutionGuid = {7BB37DCE-3C9B-45C5-A404-240501C2C53D}
	EndGlobalSection
EndGlobal
